
Microsoft Visual Studio Solution File, Format Version 12.00
# Visual Studio Version 16
VisualStudioVersion = 16.0.32126.315
MinimumVisualStudioVersion = 10.0.40219.1
Project("{FAE04EC0-301F-11D3-BF4B-00C04F79EFBC}") = "Model", "Model\Model.csproj", "{209C5D97-1379-4AA7-8F7D-A87C64D48109}"
EndProject
Global
	GlobalSection(SolutionConfigurationPlatforms) = preSolution
		Debug|Any CPU = Debug|Any CPU
		Release|Any CPU = Release|Any CPU
	EndGlobalSection
	GlobalSection(ProjectConfigurationPlatforms) = postSolution
		{209C5D97-1379-4AA7-8F7D-A87C64D48109}.Debug|Any CPU.ActiveCfg = Debug|Any CPU
		{209C5D97-1379-4AA7-8F7D-A87C64D48109}.Debug|Any CPU.Build.0 = Debug|Any CPU
		{209C5D97-1379-4AA7-8F7D-A87C64D48109}.Release|Any CPU.ActiveCfg = Release|Any CPU
		{209C5D97-1379-4AA7-8F7D-A87C64D48109}.Release|Any CPU.Build.0 = Release|Any CPU
	EndGlobalSection
	GlobalSection(SolutionProperties) = preSolution
		HideSolutionNode = FALSE
	EndGlobalSection
	GlobalSection(ExtensibilityGlobals) = postSolution
		SolutionGuid = {755297A8-AB16-4339-85BF-20A1B964A112}
	EndGlobalSection
EndGlobal
